{
  "name": "csp",
  "version": "0.0.0",
  "lockfileVersion": 3,
  "requires": true,
  "packages": {
    "": {
      "name": "csp",
      "version": "0.0.0",
      "dependencies": {
        "@hpfb/sdk": "file:../../libs/hpfb-sdk-1.1.0.tgz",
        "csp": "file:"
      }
    },
    "node_modules/@angular/common": {
      "version": "17.3.12",
      "resolved": "https://registry.npmjs.org/@angular/common/-/common-17.3.12.tgz",
      "integrity": "sha512-vabJzvrx76XXFrm1RJZ6o/CyG32piTB/1sfFfKHdlH1QrmArb8It4gyk9oEjZ1IkAD0HvBWlfWmn+T6Vx3pdUw==",
      "peer": true,
      "dependencies": {
        "tslib": "^2.3.0"
      },
      "engines": {
        "node": "^18.13.0 || >=20.9.0"
      },
      "peerDependencies": {
        "@angular/core": "17.3.12",
        "rxjs": "^6.5.3 || ^7.4.0"
      }
    },
    "node_modules/@angular/core": {
      "version": "17.3.12",
      "resolved": "https://registry.npmjs.org/@angular/core/-/core-17.3.12.tgz",
      "integrity": "sha512-MuFt5yKi161JmauUta4Dh0m8ofwoq6Ino+KoOtkYMBGsSx+A7dSm+DUxxNwdj7+DNyg3LjVGCFgBFnq4g8z06A==",
      "peer": true,
      "dependencies": {
        "tslib": "^2.3.0"
      },
      "engines": {
        "node": "^18.13.0 || >=20.9.0"
      },
      "peerDependencies": {
        "rxjs": "^6.5.3 || ^7.4.0",
        "zone.js": "~0.14.0"
      }
    },
    "node_modules/@hpfb/sdk": {
      "version": "1.1.0",
      "resolved": "file:../../libs/hpfb-sdk-1.1.0.tgz",
      "integrity": "sha512-45udH1zOdP7m9P9kTBigdwqcGc+gdO/9utVuj8ijr3uRp4br16NKw2y3NJ8YSntUTEJCXmY14PHamIr1i9ikcg==",
      "dependencies": {
        "tslib": "^2.3.0"
      },
      "peerDependencies": {
        "@angular/common": "^17.0.0",
        "@angular/core": "^17.0.0"
      }
    },
    "node_modules/csp": {
      "resolved": "",
      "link": true
    },
    "node_modules/rxjs": {
      "version": "7.8.1",
      "resolved": "https://registry.npmjs.org/rxjs/-/rxjs-7.8.1.tgz",
      "integrity": "sha512-AA3TVj+0A2iuIoQkWEK/tqFjBq2j+6PO6Y0zJcvzLAFhEFIO3HL0vls9hWLncZbAAbK0mar7oZ4V079I/qPMxg==",
      "peer": true,
      "dependencies": {
        "tslib": "^2.1.0"
      }
    },
    "node_modules/tslib": {
      "version": "2.8.0",
      "resolved": "https://registry.npmjs.org/tslib/-/tslib-2.8.0.tgz",
      "integrity": "sha512-jWVzBLplnCmoaTr13V9dYbiQ99wvZRd0vNWaDRg+aVYRcjDF3nDksxFDE/+fkXnKhpnUUkmx5pK/v8mCtLVqZA=="
    },
    "node_modules/zone.js": {
      "version": "0.14.10",
      "resolved": "https://registry.npmjs.org/zone.js/-/zone.js-0.14.10.tgz",
      "integrity": "sha512-YGAhaO7J5ywOXW6InXNlLmfU194F8lVgu7bRntUF3TiG8Y3nBK0x1UJJuHUP/e8IyihkjCYqhCScpSwnlaSRkQ==",
      "peer": true
    }
  }
}
